
Microsoft Visual Studio Solution File, Format Version 12.00
# Visual Studio 15
VisualStudioVersion = 15.0.28307.106
MinimumVisualStudioVersion = 10.0.40219.1
Project("{FAE04EC0-301F-11D3-BF4B-00C04F79EFBC}") = "JustBlog", "JustBlog\JustBlog.csproj", "{9952BDF2-EC05-4B7C-A915-3DA2274AEC79}"
EndProject
Project("{FAE04EC0-301F-11D3-BF4B-00C04F79EFBC}") = "JustBlog.Core", "JustBlog.Core\JustBlog.Core.csproj", "{CF6F7196-B7F1-4008-8248-94DD8C516910}"
EndProject
Global
	GlobalSection(SolutionConfigurationPlatforms) = preSolution
		Debug|Any CPU = Debug|Any CPU
		Release|Any CPU = Release|Any CPU
	EndGlobalSection
	GlobalSection(ProjectConfigurationPlatforms) = postSolution
		{9952BDF2-EC05-4B7C-A915-3DA2274AEC79}.Debug|Any CPU.ActiveCfg = Debug|Any CPU
		{9952BDF2-EC05-4B7C-A915-3DA2274AEC79}.Debug|Any CPU.Build.0 = Debug|Any CPU
		{9952BDF2-EC05-4B7C-A915-3DA2274AEC79}.Release|Any CPU.ActiveCfg = Release|Any CPU
		{9952BDF2-EC05-4B7C-A915-3DA2274AEC79}.Release|Any CPU.Build.0 = Release|Any CPU
		{CF6F7196-B7F1-4008-8248-94DD8C516910}.Debug|Any CPU.ActiveCfg = Debug|Any CPU
		{CF6F7196-B7F1-4008-8248-94DD8C516910}.Debug|Any CPU.Build.0 = Debug|Any CPU
		{CF6F7196-B7F1-4008-8248-94DD8C516910}.Release|Any CPU.ActiveCfg = Release|Any CPU
		{CF6F7196-B7F1-4008-8248-94DD8C516910}.Release|Any CPU.Build.0 = Release|Any CPU
	EndGlobalSection
	GlobalSection(SolutionProperties) = preSolution
		HideSolutionNode = FALSE
	EndGlobalSection
	GlobalSection(ExtensibilityGlobals) = postSolution
		SolutionGuid = {C398A0E3-B680-4A31-8F21-739AE7CB6D21}
	EndGlobalSection
EndGlobal
